
Microsoft Visual Studio Solution File, Format Version 12.00
# Visual Studio Version 16
VisualStudioVersion = 25.0.1706.7
MinimumVisualStudioVersion = 10.0.40219.1
Project("{FAE04EC0-301F-11D3-BF4B-00C04F79EFBC}") = "ASP.NET_MySQL", "ASP.NET_MySQL\ASP.NET_MySQL.csproj", "{29C713F5-22FA-4EB7-9199-D8F0FF393730}"
EndProject
Global
	GlobalSection(SolutionConfigurationPlatforms) = preSolution
		Debug|Any CPU = Debug|Any CPU
		Release|Any CPU = Release|Any CPU
	EndGlobalSection
	GlobalSection(ProjectConfigurationPlatforms) = postSolution
		{29C713F5-22FA-4EB7-9199-D8F0FF393730}.Debug|Any CPU.ActiveCfg = Debug|Any CPU
		{29C713F5-22FA-4EB7-9199-D8F0FF393730}.Debug|Any CPU.Build.0 = Debug|Any CPU
		{29C713F5-22FA-4EB7-9199-D8F0FF393730}.Release|Any CPU.ActiveCfg = Release|Any CPU
		{29C713F5-22FA-4EB7-9199-D8F0FF393730}.Release|Any CPU.Build.0 = Release|Any CPU
	EndGlobalSection
	GlobalSection(SolutionProperties) = preSolution
		HideSolutionNode = FALSE
	EndGlobalSection
	GlobalSection(ExtensibilityGlobals) = postSolution
		SolutionGuid = {0DFA9146-0AE2-4583-B5B7-FD4CB223E61C}
	EndGlobalSection
EndGlobal
